// !$*UTF8*$!
{
	archiveVersion = 1;
	classes = {
	};
	objectVersion = 50;
	objects = {

/* Begin PBXBuildFile section */
		8CCEDD2324DCE01300EACF70 /* AppDelegate.swift in Sources */ = {isa = PBXBuildFile; fileRef = 8CCEDD2224DCE01300EACF70 /* AppDelegate.swift */; };
		8CCEDD2524DCE01300EACF70 /* SceneDelegate.swift in Sources */ = {isa = PBXBuildFile; fileRef = 8CCEDD2424DCE01300EACF70 /* SceneDelegate.swift */; };
		8CCEDD2724DCE01300EACF70 /* ViewController.swift in Sources */ = {isa = PBXBuildFile; fileRef = 8CCEDD2624DCE01300EACF70 /* ViewController.swift */; };
		8CCEDD2A24DCE01300EACF70 /* Main.storyboard in Resources */ = {isa = PBXBuildFile; fileRef = 8CCEDD2824DCE01300EACF70 /* Main.storyboard */; };
		8CCEDD2C24DCE01500EACF70 /* Assets.xcassets in Resources */ = {isa = PBXBuildFile; fileRef = 8CCEDD2B24DCE01500EACF70 /* Assets.xcassets */; };
		8CCEDD2F24DCE01500EACF70 /* LaunchScreen.storyboard in Resources */ = {isa = PBXBuildFile; fileRef = 8CCEDD2D24DCE01500EACF70 /* LaunchScreen.storyboard */; };
		8CCEDD3924DCE04600EACF70 /* HealthKit.framework in Frameworks */ = {isa = PBXBuildFile; fileRef = 8CCEDD3824DCE04600EACF70 /* HealthKit.framework */; };
		8CCEDD3B24DCE3EA00EACF70 /* HealthKitAssistant.swift in Sources */ = {isa = PBXBuildFile; fileRef = 8CCEDD3A24DCE3EA00EACF70 /* HealthKitAssistant.swift */; };
		8CCEDD3F24DCE97E00EACF70 /* StepsTableViewController.swift in Sources */ = {isa = PBXBuildFile; fileRef = 8CCEDD3E24DCE97E00EACF70 /* StepsTableViewController.swift */; };
/* End PBXBuildFile section */

/* Begin PBXFileReference section */
		8CCEDD1F24DCE01300EACF70 /* HealthApp.app */ = {isa = PBXFileReference; explicitFileType = wrapper.application; includeInIndex = 0; path = HealthApp.app; sourceTree = BUILT_PRODUCTS_DIR; };
		8CCEDD2224DCE01300EACF70 /* AppDelegate.swift */ = {isa = PBXFileReference; lastKnownFileType = sourcecode.swift; path = AppDelegate.swift; sourceTree = "<group>"; };
		8CCEDD2424DCE01300EACF70 /* SceneDelegate.swift */ = {isa = PBXFileReference; lastKnownFileType = sourcecode.swift; path = SceneDelegate.swift; sourceTree = "<group>"; };
		8CCEDD2624DCE01300EACF70 /* ViewController.swift */ = {isa = PBXFileReference; lastKnownFileType = sourcecode.swift; path = ViewController.swift; sourceTree = "<group>"; };
		8CCEDD2924DCE01300EACF70 /* Base */ = {isa = PBXFileReference; lastKnownFileType = file.storyboard; name = Base; path = Base.lproj/Main.storyboard; sourceTree = "<group>"; };
		8CCEDD2B24DCE01500EACF70 /* Assets.xcassets */ = {isa = PBXFileReference; lastKnownFileType = folder.assetcatalog; path = Assets.xcassets; sourceTree = "<group>"; };
		8CCEDD2E24DCE01500EACF70 /* Base */ = {isa = PBXFileReference; lastKnownFileType = file.storyboard; name = Base; path = Base.lproj/LaunchScreen.storyboard; sourceTree = "<group>"; };
		8CCEDD3024DCE01500EACF70 /* Info.plist */ = {isa = PBXFileReference; lastKnownFileType = text.plist.xml; path = Info.plist; sourceTree = "<group>"; };
		8CCEDD3624DCE04600EACF70 /* HealthApp.entitlements */ = {isa = PBXFileReference; lastKnownFileType = text.plist.entitlements; path = HealthApp.entitlements; sourceTree = "<group>"; };
		8CCEDD3824DCE04600EACF70 /* HealthKit.framework */ = {isa = PBXFileReference; lastKnownFileType = wrapper.framework; name = HealthKit.framework; path = System/Library/Frameworks/HealthKit.framework; sourceTree = SDKROOT; };
		8CCEDD3A24DCE3EA00EACF70 /* HealthKitAssistant.swift */ = {isa = PBXFileReference; lastKnownFileType = sourcecode.swift; path = HealthKitAssistant.swift; sourceTree = "<group>"; };
		8CCEDD3E24DCE97E00EACF70 /* StepsTableViewController.swift */ = {isa = PBXFileReference; lastKnownFileType = sourcecode.swift; path = StepsTableViewController.swift; sourceTree = "<group>"; };
/* End PBXFileReference section */

/* Begin PBXFrameworksBuildPhase section */
		8CCEDD1C24DCE01300EACF70 /* Frameworks */ = {
			isa = PBXFrameworksBuildPhase;
			buildActionMask = 2147483647;
			files = (
				8CCEDD3924DCE04600EACF70 /* HealthKit.framework in Frameworks */,
			);
			runOnlyForDeploymentPostprocessing = 0;
		};
/* End PBXFrameworksBuildPhase section */

/* Begin PBXGroup section */
		8CCEDD1624DCE01300EACF70 = {
			isa = PBXGroup;
			children = (
				8CCEDD2124DCE01300EACF70 /* HealthApp */,
				8CCEDD2024DCE01300EACF70 /* Products */,
				8CCEDD3724DCE04600EACF70 /* Frameworks */,
			);
			sourceTree = "<group>";
		};
		8CCEDD2024DCE01300EACF70 /* Products */ = {
			isa = PBXGroup;
			children = (
				8CCEDD1F24DCE01300EACF70 /* HealthApp.app */,
			);
			name = Products;
			sourceTree = "<group>";
		};
		8CCEDD2124DCE01300EACF70 /* HealthApp */ = {
			isa = PBXGroup;
			children = (
				8CCEDD3624DCE04600EACF70 /* HealthApp.entitlements */,
				8CCEDD2224DCE01300EACF70 /* AppDelegate.swift */,
				8CCEDD2424DCE01300EACF70 /* SceneDelegate.swift */,
				8CCEDD2624DCE01300EACF70 /* ViewController.swift */,
				8CCEDD2824DCE01300EACF70 /* Main.storyboard */,
				8CCEDD2B24DCE01500EACF70 /* Assets.xcassets */,
				8CCEDD2D24DCE01500EACF70 /* LaunchScreen.storyboard */,
				8CCEDD3024DCE01500EACF70 /* Info.plist */,
				8CCEDD3A24DCE3EA00EACF70 /* HealthKitAssistant.swift */,
				8CCEDD3E24DCE97E00EACF70 /* StepsTableViewController.swift */,
			);
			path = HealthApp;
			sourceTree = "<group>";
		};
		8CCEDD3724DCE04600EACF70 /* Frameworks */ = {
			isa = PBXGroup;
			children = (
				8CCEDD3824DCE04600EACF70 /* HealthKit.framework */,
			);
			name = Frameworks;
			sourceTree = "<group>";
		};
/* End PBXGroup section */

/* Begin PBXNativeTarget section */
		8CCEDD1E24DCE01300EACF70 /* HealthApp */ = {
			isa = PBXNativeTarget;
			buildConfigurationList = 8CCEDD3324DCE01500EACF70 /* Build configuration list for PBXNativeTarget "HealthApp" */;
			buildPhases = (
				8CCEDD1B24DCE01300EACF70 /* Sources */,
				8CCEDD1C24DCE01300EACF70 /* Frameworks */,
				8CCEDD1D24DCE01300EACF70 /* Resources */,
			);
			buildRules = (
			);
			dependencies = (
			);
			name = HealthApp;
			productName = HealthApp;
			productReference = 8CCEDD1F24DCE01300EACF70 /* HealthApp.app */;
			productType = "com.apple.product-type.application";
		};
/* End PBXNativeTarget section */

/* Begin PBXProject section */
		8CCEDD1724DCE01300EACF70 /* Project object */ = {
			isa = PBXProject;
			attributes = {
				LastSwiftUpdateCheck = 1150;
				LastUpgradeCheck = 1150;
				ORGANIZATIONNAME = "Tatsuya Moriguchi";
				TargetAttributes = {
					8CCEDD1E24DCE01300EACF70 = {
						CreatedOnToolsVersion = 11.5;
					};
				};
			};
			buildConfigurationList = 8CCEDD1A24DCE01300EACF70 /* Build configuration list for PBXProject "HealthApp" */;
			compatibilityVersion = "Xcode 9.3";
			developmentRegion = en;
			hasScannedForEncodings = 0;
			knownRegions = (
				en,
				Base,
			);
			mainGroup = 8CCEDD1624DCE01300EACF70;
			productRefGroup = 8CCEDD2024DCE01300EACF70 /* Products */;
			projectDirPath = "";
			projectRoot = "";
			targets = (
				8CCEDD1E24DCE01300EACF70 /* HealthApp */,
			);
		};
/* End PBXProject section */

/* Begin PBXResourcesBuildPhase section */
		8CCEDD1D24DCE01300EACF70 /* Resources */ = {
			isa = PBXResourcesBuildPhase;
			buildActionMask = 2147483647;
			files = (
				8CCEDD2F24DCE01500EACF70 /* LaunchScreen.storyboard in Resources */,
				8CCEDD2C24DCE01500EACF70 /* Assets.xcassets in Resources */,
				8CCEDD2A24DCE01300EACF70 /* Main.storyboard in Resources */,
			);
			runOnlyForDeploymentPostprocessing = 0;
		};
/* End PBXResourcesBuildPhase section */

/* Begin PBXSourcesBuildPhase section */
		8CCEDD1B24DCE01300EACF70 /* Sources */ = {
			isa = PBXSourcesBuildPhase;
			buildActionMask = 2147483647;
			files = (
				8CCEDD2724DCE01300EACF70 /* ViewController.swift in Sources */,
				8CCEDD2324DCE01300EACF70 /* AppDelegate.swift in Sources */,
				8CCEDD3F24DCE97E00EACF70 /* StepsTableViewController.swift in Sources */,
				8CCEDD2524DCE01300EACF70 /* SceneDelegate.swift in Sources */,
				8CCEDD3B24DCE3EA00EACF70 /* HealthKitAssistant.swift in Sources */,
			);
			runOnlyForDeploymentPostprocessing = 0;
		};
/* End PBXSourcesBuildPhase section */

/* Begin PBXVariantGroup section */
		8CCEDD2824DCE01300EACF70 /* Main.storyboard */ = {
			isa = PBXVariantGroup;
			children = (
				8CCEDD2924DCE01300EACF70 /* Base */,
			);
			name = Main.storyboard;
			sourceTree = "<group>";
		};
		8CCEDD2D24DCE01500EACF70 /* LaunchScreen.storyboard */ = {
			isa = PBXVariantGroup;
			children = (
				8CCEDD2E24DCE01500EACF70 /* Base */,
			);
			name = LaunchScreen.storyboard;
			sourceTree = "<group>";
		};
/* End PBXVariantGroup section */

/* Begin XCBuildConfiguration section */
		8CCEDD3124DCE01500EACF70 /* Debug */ = {
			isa = XCBuildConfiguration;
			buildSettings = {
				ALWAYS_SEARCH_USER_PATHS = NO;
				CLANG_ANALYZER_NONNULL = YES;
				CLANG_ANALYZER_NUMBER_OBJECT_CONVERSION = YES_AGGRESSIVE;
				CLANG_CXX_LANGUAGE_STANDARD = "gnu++14";
				CLANG_CXX_LIBRARY = "libc++";
				CLANG_ENABLE_MODULES = YES;
				CLANG_ENABLE_OBJC_ARC = YES;
				CLANG_ENABLE_OBJC_WEAK = YES;
				CLANG_WARN_BLOCK_CAPTURE_AUTORELEASING = YES;
				CLANG_WARN_BOOL_CONVERSION = YES;
				CLANG_WARN_COMMA = YES;
				CLANG_WARN_CONSTANT_CONVERSION = YES;
				CLANG_WARN_DEPRECATED_OBJC_IMPLEMENTATIONS = YES;
				CLANG_WARN_DIRECT_OBJC_ISA_USAGE = YES_ERROR;
				CLANG_WARN_DOCUMENTATION_COMMENTS = YES;
				CLANG_WARN_EMPTY_BODY = YES;
				CLANG_WARN_ENUM_CONVERSION = YES;
				CLANG_WARN_INFINITE_RECURSION = YES;
				CLANG_WARN_INT_CONVERSION = YES;
				CLANG_WARN_NON_LITERAL_NULL_CONVERSION = YES;
				CLANG_WARN_OBJC_IMPLICIT_RETAIN_SELF = YES;
				CLANG_WARN_OBJC_LITERAL_CONVERSION = YES;
				CLANG_WARN_OBJC_ROOT_CLASS = YES_ERROR;
				CLANG_WARN_RANGE_LOOP_ANALYSIS = YES;
				CLANG_WARN_STRICT_PROTOTYPES = YES;
				CLANG_WARN_SUSPICIOUS_MOVE = YES;
				CLANG_WARN_UNGUARDED_AVAILABILITY = YES_AGGRESSIVE;
				CLANG_WARN_UNREACHABLE_CODE = YES;
				CLANG_WARN__DUPLICATE_METHOD_MATCH = YES;
				COPY_PHASE_STRIP = NO;
				DEBUG_INFORMATION_FORMAT = dwarf;
				ENABLE_STRICT_OBJC_MSGSEND = YES;
				ENABLE_TESTABILITY = YES;
				GCC_C_LANGUAGE_STANDARD = gnu11;
				GCC_DYNAMIC_NO_PIC = NO;
				GCC_NO_COMMON_BLOCKS = YES;
				GCC_OPTIMIZATION_LEVEL = 0;
				GCC_PREPROCESSOR_DEFINITIONS = (
					"DEBUG=1",
					"$(inherited)",
				);
				GCC_WARN_64_TO_32_BIT_CONVERSION = YES;
				GCC_WARN_ABOUT_RETURN_TYPE = YES_ERROR;
				GCC_WARN_UNDECLARED_SELECTOR = YES;
				GCC_WARN_UNINITIALIZED_AUTOS = YES_AGGRESSIVE;
				GCC_WARN_UNUSED_FUNCTION = YES;
				GCC_WARN_UNUSED_VARIABLE = YES;
				IPHONEOS_DEPLOYMENT_TARGET = 13.0;
				MTL_ENABLE_DEBUG_INFO = INCLUDE_SOURCE;
				MTL_FAST_MATH = YES;
				ONLY_ACTIVE_ARCH = YES;
				SDKROOT = iphoneos;
				SWIFT_ACTIVE_COMPILATION_CONDITIONS = DEBUG;
				SWIFT_OPTIMIZATION_LEVEL = "-Onone";
			};
			name = Debug;
		};
		8CCEDD3224DCE01500EACF70 /* Release */ = {
			isa = XCBuildConfiguration;
			buildSettings = {
				ALWAYS_SEARCH_USER_PATHS = NO;
				CLANG_ANALYZER_NONNULL = YES;
				CLANG_ANALYZER_NUMBER_OBJECT_CONVERSION = YES_AGGRESSIVE;
				CLANG_CXX_LANGUAGE_STANDARD = "gnu++14";
				CLANG_CXX_LIBRARY = "libc++";
				CLANG_ENABLE_MODULES = YES;
				CLANG_ENABLE_OBJC_ARC = YES;
				CLANG_ENABLE_OBJC_WEAK = YES;
				CLANG_WARN_BLOCK_CAPTURE_AUTORELEASING = YES;
				CLANG_WARN_BOOL_CONVERSION = YES;
				CLANG_WARN_COMMA = YES;
				CLANG_WARN_CONSTANT_CONVERSION = YES;
				CLANG_WARN_DEPRECATED_OBJC_IMPLEMENTATIONS = YES;
				CLANG_WARN_DIRECT_OBJC_ISA_USAGE = YES_ERROR;
				CLANG_WARN_DOCUMENTATION_COMMENTS = YES;
				CLANG_WARN_EMPTY_BODY = YES;
				CLANG_WARN_ENUM_CONVERSION = YES;
				CLANG_WARN_INFINITE_RECURSION = YES;
				CLANG_WARN_INT_CONVERSION = YES;
				CLANG_WARN_NON_LITERAL_NULL_CONVERSION = YES;
				CLANG_WARN_OBJC_IMPLICIT_RETAIN_SELF = YES;
				CLANG_WARN_OBJC_LITERAL_CONVERSION = YES;
				CLANG_WARN_OBJC_ROOT_CLASS = YES_ERROR;
				CLANG_WARN_RANGE_LOOP_ANALYSIS = YES;
				CLANG_WARN_STRICT_PROTOTYPES = YES;
				CLANG_WARN_SUSPICIOUS_MOVE = YES;
				CLANG_WARN_UNGUARDED_AVAILABILITY = YES_AGGRESSIVE;
				CLANG_WARN_UNREACHABLE_CODE = YES;
				CLANG_WARN__DUPLICATE_METHOD_MATCH = YES;
				COPY_PHASE_STRIP = NO;
				DEBUG_INFORMATION_FORMAT = "dwarf-with-dsym";
				ENABLE_NS_ASSERTIONS = NO;
				ENABLE_STRICT_OBJC_MSGSEND = YES;
				GCC_C_LANGUAGE_STANDARD = gnu11;
				GCC_NO_COMMON_BLOCKS = YES;
				GCC_WARN_64_TO_32_BIT_CONVERSION = YES;
				GCC_WARN_ABOUT_RETURN_TYPE = YES_ERROR;
				GCC_WARN_UNDECLARED_SELECTOR = YES;
				GCC_WARN_UNINITIALIZED_AUTOS = YES_AGGRESSIVE;
				GCC_WARN_UNUSED_FUNCTION = YES;
				GCC_WARN_UNUSED_VARIABLE = YES;
				IPHONEOS_DEPLOYMENT_TARGET = 13.0;
				MTL_ENABLE_DEBUG_INFO = NO;
				MTL_FAST_MATH = YES;
				SDKROOT = iphoneos;
				SWIFT_COMPILATION_MODE = wholemodule;
				SWIFT_OPTIMIZATION_LEVEL = "-O";
				VALIDATE_PRODUCT = YES;
			};
			name = Release;
		};
		8CCEDD3424DCE01500EACF70 /* Debug */ = {
			isa = XCBuildConfiguration;
			buildSettings = {
				ASSETCATALOG_COMPILER_APPICON_NAME = AppIcon;
				CODE_SIGN_ENTITLEMENTS = HealthApp/HealthApp.entitlements;
				CODE_SIGN_STYLE = Automatic;
				DEVELOPMENT_TEAM = GY7BG2G9TC;
				INFOPLIST_FILE = HealthApp/Info.plist;
				LD_RUNPATH_SEARCH_PATHS = (
					"$(inherited)",
					"@executable_path/Frameworks",
				);
				PRODUCT_BUNDLE_IDENTIFIER = com.beckos.HealthApp;
				PRODUCT_NAME = "$(TARGET_NAME)";
				SWIFT_VERSION = 5.0;
				TARGETED_DEVICE_FAMILY = 1;
			};
			name = Debug;
		};
		8CCEDD3524DCE01500EACF70 /* Release */ = {
			isa = XCBuildConfiguration;
			buildSettings = {
				ASSETCATALOG_COMPILER_APPICON_NAME = AppIcon;
				CODE_SIGN_ENTITLEMENTS = HealthApp/HealthApp.entitlements;
				CODE_SIGN_STYLE = Automatic;
				DEVELOPMENT_TEAM = GY7BG2G9TC;
				INFOPLIST_FILE = HealthApp/Info.plist;
				LD_RUNPATH_SEARCH_PATHS = (
					"$(inherited)",
					"@executable_path/Frameworks",
				);
				PRODUCT_BUNDLE_IDENTIFIER = com.beckos.HealthApp;
				PRODUCT_NAME = "$(TARGET_NAME)";
				SWIFT_VERSION = 5.0;
				TARGETED_DEVICE_FAMILY = 1;
			};
			name = Release;
		};
/* End XCBuildConfiguration section */

/* Begin XCConfigurationList section */
		8CCEDD1A24DCE01300EACF70 /* Build configuration list for PBXProject "HealthApp" */ = {
			isa = XCConfigurationList;
			buildConfigurations = (
				8CCEDD3124DCE01500EACF70 /* Debug */,
				8CCEDD3224DCE01500EACF70 /* Release */,
			);
			defaultConfigurationIsVisible = 0;
			defaultConfigurationName = Release;
		};
		8CCEDD3324DCE01500EACF70 /* Build configuration list for PBXNativeTarget "HealthApp" */ = {
			isa = XCConfigurationList;
			buildConfigurations = (
				8CCEDD3424DCE01500EACF70 /* Debug */,
				8CCEDD3524DCE01500EACF70 /* Release */,
			);
			defaultConfigurationIsVisible = 0;
			defaultConfigurationName = Release;
		};
/* End XCConfigurationList section */
	};
	rootObject = 8CCEDD1724DCE01300EACF70 /* Project object */;
}
